// !$*UTF8*$!
{
	archiveVersion = 1;
	classes = {
	};
	objectVersion = 55;
	objects = {

/* Begin PBXBuildFile section */
		DE8E9C5F278A20B500BE9A10 /* DZ_9App.swift in Sources */ = {isa = PBXBuildFile; fileRef = DE8E9C4F278A20B400BE9A10 /* DZ_9App.swift */; };
		DE8E9C61278A20B500BE9A10 /* ContentView.swift in Sources */ = {isa = PBXBuildFile; fileRef = DE8E9C50278A20B400BE9A10 /* ContentView.swift */; };
		DE8E9C63278A20B500BE9A10 /* Assets.xcassets in Resources */ = {isa = PBXBuildFile; fileRef = DE8E9C51278A20B500BE9A10 /* Assets.xcassets */; };
		DE8E9C78278A225700BE9A10 /* AlbumsViewModel.swift in Sources */ = {isa = PBXBuildFile; fileRef = DE8E9C6D278A225700BE9A10 /* AlbumsViewModel.swift */; };
		DE8E9C79278A225700BE9A10 /* Album.swift in Sources */ = {isa = PBXBuildFile; fileRef = DE8E9C6E278A225700BE9A10 /* Album.swift */; };
		DE8E9C7A278A225700BE9A10 /* AlbumsScreen.swift in Sources */ = {isa = PBXBuildFile; fileRef = DE8E9C6F278A225700BE9A10 /* AlbumsScreen.swift */; };
		DE8E9C7B278A225700BE9A10 /* URLRequestBuilder.swift in Sources */ = {isa = PBXBuildFile; fileRef = DE8E9C71278A225700BE9A10 /* URLRequestBuilder.swift */; };
		DE8E9C7C278A225700BE9A10 /* AlbumsNetworkRouter.swift in Sources */ = {isa = PBXBuildFile; fileRef = DE8E9C72278A225700BE9A10 /* AlbumsNetworkRouter.swift */; };
		DE8E9C7D278A225700BE9A10 /* ApiRouter.swift in Sources */ = {isa = PBXBuildFile; fileRef = DE8E9C73278A225700BE9A10 /* ApiRouter.swift */; };
		DE8E9C7E278A225700BE9A10 /* NetworkService.swift in Sources */ = {isa = PBXBuildFile; fileRef = DE8E9C74278A225700BE9A10 /* NetworkService.swift */; };
		DE8E9C7F278A225700BE9A10 /* AlbumsApi.swift in Sources */ = {isa = PBXBuildFile; fileRef = DE8E9C75278A225700BE9A10 /* AlbumsApi.swift */; };
		DE8E9C80278A225700BE9A10 /* Router.swift in Sources */ = {isa = PBXBuildFile; fileRef = DE8E9C76278A225700BE9A10 /* Router.swift */; };
		DE8E9C81278A225700BE9A10 /* AlbumsScreenCell.swift in Sources */ = {isa = PBXBuildFile; fileRef = DE8E9C77278A225700BE9A10 /* AlbumsScreenCell.swift */; };
		DE8E9C83278A2B5D00BE9A10 /* DetailScreen.swift in Sources */ = {isa = PBXBuildFile; fileRef = DE8E9C82278A2B5D00BE9A10 /* DetailScreen.swift */; };
		DE8E9CF6278A300900BE9A10 /* Preview Assets.xcassets in Resources */ = {isa = PBXBuildFile; fileRef = DE8E9CF5278A300900BE9A10 /* Preview Assets.xcassets */; };
		DE8E9CFA278A303000BE9A10 /* Album.swift in Sources */ = {isa = PBXBuildFile; fileRef = DE8E9C6E278A225700BE9A10 /* Album.swift */; };
		DE8E9CFB278A303300BE9A10 /* AlbumsScreen.swift in Sources */ = {isa = PBXBuildFile; fileRef = DE8E9C6F278A225700BE9A10 /* AlbumsScreen.swift */; };
		DE8E9CFC278A303600BE9A10 /* DetailScreen.swift in Sources */ = {isa = PBXBuildFile; fileRef = DE8E9C82278A2B5D00BE9A10 /* DetailScreen.swift */; };
		DE8E9CFD278A303900BE9A10 /* AlbumsScreenCell.swift in Sources */ = {isa = PBXBuildFile; fileRef = DE8E9C77278A225700BE9A10 /* AlbumsScreenCell.swift */; };
		DE8E9CFE278A303E00BE9A10 /* AlbumsViewModel.swift in Sources */ = {isa = PBXBuildFile; fileRef = DE8E9C6D278A225700BE9A10 /* AlbumsViewModel.swift */; };
		DE8E9CFF278A304100BE9A10 /* Router.swift in Sources */ = {isa = PBXBuildFile; fileRef = DE8E9C76278A225700BE9A10 /* Router.swift */; };
		DE8E9D00278A308800BE9A10 /* DZ_9App.swift in Sources */ = {isa = PBXBuildFile; fileRef = DE8E9C4F278A20B400BE9A10 /* DZ_9App.swift */; };
		DE8E9D01278A308B00BE9A10 /* ContentView.swift in Sources */ = {isa = PBXBuildFile; fileRef = DE8E9C50278A20B400BE9A10 /* ContentView.swift */; };
		DE8E9D02278A309300BE9A10 /* NetworkService.swift in Sources */ = {isa = PBXBuildFile; fileRef = DE8E9C74278A225700BE9A10 /* NetworkService.swift */; };
		DE8E9D03278A309300BE9A10 /* AlbumsApi.swift in Sources */ = {isa = PBXBuildFile; fileRef = DE8E9C75278A225700BE9A10 /* AlbumsApi.swift */; };
		DE8E9D04278A309300BE9A10 /* AlbumsNetworkRouter.swift in Sources */ = {isa = PBXBuildFile; fileRef = DE8E9C72278A225700BE9A10 /* AlbumsNetworkRouter.swift */; };
		DE8E9D05278A309300BE9A10 /* ApiRouter.swift in Sources */ = {isa = PBXBuildFile; fileRef = DE8E9C73278A225700BE9A10 /* ApiRouter.swift */; };
		DE8E9D06278A309300BE9A10 /* URLRequestBuilder.swift in Sources */ = {isa = PBXBuildFile; fileRef = DE8E9C71278A225700BE9A10 /* URLRequestBuilder.swift */; };
		DE8E9DE2278B657900BE9A10 /* DZ№9 (watchOS) WatchKit App.app in Embed Watch Content */ = {isa = PBXBuildFile; fileRef = DE8E9DE1278B657900BE9A10 /* DZ№9 (watchOS) WatchKit App.app */; settings = {ATTRIBUTES = (RemoveHeadersOnCopy, ); }; };
		DE8E9DE7278B657B00BE9A10 /* Assets.xcassets in Resources */ = {isa = PBXBuildFile; fileRef = DE8E9DE6278B657B00BE9A10 /* Assets.xcassets */; };
		DE8E9DED278B657B00BE9A10 /* DZ№9 (watchOS) WatchKit Extension.appex in Embed App Extensions */ = {isa = PBXBuildFile; fileRef = DE8E9DEC278B657B00BE9A10 /* DZ№9 (watchOS) WatchKit Extension.appex */; settings = {ATTRIBUTES = (RemoveHeadersOnCopy, ); }; };
		DE8E9DF6278B657B00BE9A10 /* NotificationController.swift in Sources */ = {isa = PBXBuildFile; fileRef = DE8E9DF5278B657B00BE9A10 /* NotificationController.swift */; };
		DE8E9DF8278B657B00BE9A10 /* NotificationView.swift in Sources */ = {isa = PBXBuildFile; fileRef = DE8E9DF7278B657B00BE9A10 /* NotificationView.swift */; };
		DE8E9DFA278B657B00BE9A10 /* ComplicationController.swift in Sources */ = {isa = PBXBuildFile; fileRef = DE8E9DF9278B657B00BE9A10 /* ComplicationController.swift */; };
		DE8E9DFF278B657C00BE9A10 /* Preview Assets.xcassets in Resources */ = {isa = PBXBuildFile; fileRef = DE8E9DFE278B657C00BE9A10 /* Preview Assets.xcassets */; };
		DE8E9E0D278B65B100BE9A10 /* AlbumsScreenCell.swift in Sources */ = {isa = PBXBuildFile; fileRef = DE8E9C77278A225700BE9A10 /* AlbumsScreenCell.swift */; };
		DE8E9E0E278B65B100BE9A10 /* DZ_9App.swift in Sources */ = {isa = PBXBuildFile; fileRef = DE8E9C4F278A20B400BE9A10 /* DZ_9App.swift */; };
		DE8E9E0F278B65B100BE9A10 /* Router.swift in Sources */ = {isa = PBXBuildFile; fileRef = DE8E9C76278A225700BE9A10 /* Router.swift */; };
		DE8E9E10278B65B100BE9A10 /* AlbumsScreen.swift in Sources */ = {isa = PBXBuildFile; fileRef = DE8E9C6F278A225700BE9A10 /* AlbumsScreen.swift */; };
		DE8E9E11278B65B100BE9A10 /* DetailScreen.swift in Sources */ = {isa = PBXBuildFile; fileRef = DE8E9C82278A2B5D00BE9A10 /* DetailScreen.swift */; };
		DE8E9E12278B65B100BE9A10 /* ContentView.swift in Sources */ = {isa = PBXBuildFile; fileRef = DE8E9C50278A20B400BE9A10 /* ContentView.swift */; };
		DE8E9E13278B65B100BE9A10 /* AlbumsViewModel.swift in Sources */ = {isa = PBXBuildFile; fileRef = DE8E9C6D278A225700BE9A10 /* AlbumsViewModel.swift */; };
		DE8E9E14278B65B100BE9A10 /* Album.swift in Sources */ = {isa = PBXBuildFile; fileRef = DE8E9C6E278A225700BE9A10 /* Album.swift */; };
		DE8E9E15278B65B600BE9A10 /* URLRequestBuilder.swift in Sources */ = {isa = PBXBuildFile; fileRef = DE8E9C71278A225700BE9A10 /* URLRequestBuilder.swift */; };
		DE8E9E16278B65B600BE9A10 /* NetworkService.swift in Sources */ = {isa = PBXBuildFile; fileRef = DE8E9C74278A225700BE9A10 /* NetworkService.swift */; };
		DE8E9E17278B65B600BE9A10 /* AlbumsApi.swift in Sources */ = {isa = PBXBuildFile; fileRef = DE8E9C75278A225700BE9A10 /* AlbumsApi.swift */; };
		DE8E9E18278B65B600BE9A10 /* AlbumsNetworkRouter.swift in Sources */ = {isa = PBXBuildFile; fileRef = DE8E9C72278A225700BE9A10 /* AlbumsNetworkRouter.swift */; };
		DE8E9E19278B65B600BE9A10 /* ApiRouter.swift in Sources */ = {isa = PBXBuildFile; fileRef = DE8E9C73278A225700BE9A10 /* ApiRouter.swift */; };
		DE8E9E1C278B675400BE9A10 /* SDWebImageSwiftUI in Frameworks */ = {isa = PBXBuildFile; productRef = DE8E9E1B278B675400BE9A10 /* SDWebImageSwiftUI */; };
		DE8E9E1F278B677A00BE9A10 /* SDWebImageSwiftUI in Frameworks */ = {isa = PBXBuildFile; productRef = DE8E9E1E278B677A00BE9A10 /* SDWebImageSwiftUI */; };
		DE8E9E21278B678B00BE9A10 /* SDWebImageSwiftUI in Frameworks */ = {isa = PBXBuildFile; productRef = DE8E9E20278B678B00BE9A10 /* SDWebImageSwiftUI */; };
		DE8E9E23278B7C9C00BE9A10 /* Date+Year.swift in Sources */ = {isa = PBXBuildFile; fileRef = DE8E9E22278B7C9C00BE9A10 /* Date+Year.swift */; };
		DE8E9E24278B7C9C00BE9A10 /* Date+Year.swift in Sources */ = {isa = PBXBuildFile; fileRef = DE8E9E22278B7C9C00BE9A10 /* Date+Year.swift */; };
		DE8E9E25278B7C9C00BE9A10 /* Date+Year.swift in Sources */ = {isa = PBXBuildFile; fileRef = DE8E9E22278B7C9C00BE9A10 /* Date+Year.swift */; };
/* End PBXBuildFile section */

/* Begin PBXContainerItemProxy section */
		DE8E9DE3278B657900BE9A10 /* PBXContainerItemProxy */ = {
			isa = PBXContainerItemProxy;
			containerPortal = DE8E9C4A278A20B400BE9A10 /* Project object */;
			proxyType = 1;
			remoteGlobalIDString = DE8E9DE0278B657900BE9A10;
			remoteInfo = "DZ№9 (watchOS) WatchKit App";
		};
		DE8E9DEE278B657B00BE9A10 /* PBXContainerItemProxy */ = {
			isa = PBXContainerItemProxy;
			containerPortal = DE8E9C4A278A20B400BE9A10 /* Project object */;
			proxyType = 1;
			remoteGlobalIDString = DE8E9DEB278B657B00BE9A10;
			remoteInfo = "DZ№9 (watchOS) WatchKit Extension";
		};
/* End PBXContainerItemProxy section */

/* Begin PBXCopyFilesBuildPhase section */
		DE8E9E04278B657C00BE9A10 /* Embed Watch Content */ = {
			isa = PBXCopyFilesBuildPhase;
			buildActionMask = 2147483647;
			dstPath = "$(CONTENTS_FOLDER_PATH)/Watch";
			dstSubfolderSpec = 16;
			files = (
				DE8E9DE2278B657900BE9A10 /* DZ№9 (watchOS) WatchKit App.app in Embed Watch Content */,
			);
			name = "Embed Watch Content";
			runOnlyForDeploymentPostprocessing = 0;
		};
		DE8E9E07278B657C00BE9A10 /* Embed App Extensions */ = {
			isa = PBXCopyFilesBuildPhase;
			buildActionMask = 2147483647;
			dstPath = "";
			dstSubfolderSpec = 13;
			files = (
				DE8E9DED278B657B00BE9A10 /* DZ№9 (watchOS) WatchKit Extension.appex in Embed App Extensions */,
			);
			name = "Embed App Extensions";
			runOnlyForDeploymentPostprocessing = 0;
		};
/* End PBXCopyFilesBuildPhase section */

/* Begin PBXFileReference section */
		DE8E9C4F278A20B400BE9A10 /* DZ_9App.swift */ = {isa = PBXFileReference; lastKnownFileType = sourcecode.swift; path = DZ_9App.swift; sourceTree = "<group>"; };
		DE8E9C50278A20B400BE9A10 /* ContentView.swift */ = {isa = PBXFileReference; lastKnownFileType = sourcecode.swift; path = ContentView.swift; sourceTree = "<group>"; };
		DE8E9C51278A20B500BE9A10 /* Assets.xcassets */ = {isa = PBXFileReference; lastKnownFileType = folder.assetcatalog; path = Assets.xcassets; sourceTree = "<group>"; };
		DE8E9C56278A20B500BE9A10 /* DZ№9.app */ = {isa = PBXFileReference; explicitFileType = wrapper.application; includeInIndex = 0; path = "DZ№9.app"; sourceTree = BUILT_PRODUCTS_DIR; };
		DE8E9C6D278A225700BE9A10 /* AlbumsViewModel.swift */ = {isa = PBXFileReference; fileEncoding = 4; lastKnownFileType = sourcecode.swift; path = AlbumsViewModel.swift; sourceTree = "<group>"; };
		DE8E9C6E278A225700BE9A10 /* Album.swift */ = {isa = PBXFileReference; fileEncoding = 4; lastKnownFileType = sourcecode.swift; path = Album.swift; sourceTree = "<group>"; };
		DE8E9C6F278A225700BE9A10 /* AlbumsScreen.swift */ = {isa = PBXFileReference; fileEncoding = 4; lastKnownFileType = sourcecode.swift; path = AlbumsScreen.swift; sourceTree = "<group>"; };
		DE8E9C71278A225700BE9A10 /* URLRequestBuilder.swift */ = {isa = PBXFileReference; fileEncoding = 4; lastKnownFileType = sourcecode.swift; path = URLRequestBuilder.swift; sourceTree = "<group>"; };
		DE8E9C72278A225700BE9A10 /* AlbumsNetworkRouter.swift */ = {isa = PBXFileReference; fileEncoding = 4; lastKnownFileType = sourcecode.swift; path = AlbumsNetworkRouter.swift; sourceTree = "<group>"; };
		DE8E9C73278A225700BE9A10 /* ApiRouter.swift */ = {isa = PBXFileReference; fileEncoding = 4; lastKnownFileType = sourcecode.swift; path = ApiRouter.swift; sourceTree = "<group>"; };
		DE8E9C74278A225700BE9A10 /* NetworkService.swift */ = {isa = PBXFileReference; fileEncoding = 4; lastKnownFileType = sourcecode.swift; path = NetworkService.swift; sourceTree = "<group>"; };
		DE8E9C75278A225700BE9A10 /* AlbumsApi.swift */ = {isa = PBXFileReference; fileEncoding = 4; lastKnownFileType = sourcecode.swift; path = AlbumsApi.swift; sourceTree = "<group>"; };
		DE8E9C76278A225700BE9A10 /* Router.swift */ = {isa = PBXFileReference; fileEncoding = 4; lastKnownFileType = sourcecode.swift; path = Router.swift; sourceTree = "<group>"; };
		DE8E9C77278A225700BE9A10 /* AlbumsScreenCell.swift */ = {isa = PBXFileReference; fileEncoding = 4; lastKnownFileType = sourcecode.swift; path = AlbumsScreenCell.swift; sourceTree = "<group>"; };
		DE8E9C82278A2B5D00BE9A10 /* DetailScreen.swift */ = {isa = PBXFileReference; lastKnownFileType = sourcecode.swift; path = DetailScreen.swift; sourceTree = "<group>"; };
		DE8E9CEC278A300800BE9A10 /* DZ№9 (tvOS).app */ = {isa = PBXFileReference; explicitFileType = wrapper.application; includeInIndex = 0; path = "DZ№9 (tvOS).app"; sourceTree = BUILT_PRODUCTS_DIR; };
		DE8E9CF5278A300900BE9A10 /* Preview Assets.xcassets */ = {isa = PBXFileReference; lastKnownFileType = folder.assetcatalog; path = "Preview Assets.xcassets"; sourceTree = "<group>"; };
		DE8E9DDE278B657900BE9A10 /* DZ№9 (watchOS).app */ = {isa = PBXFileReference; explicitFileType = wrapper.application; includeInIndex = 0; path = "DZ№9 (watchOS).app"; sourceTree = BUILT_PRODUCTS_DIR; };
		DE8E9DE1278B657900BE9A10 /* DZ№9 (watchOS) WatchKit App.app */ = {isa = PBXFileReference; explicitFileType = wrapper.application; includeInIndex = 0; path = "DZ№9 (watchOS) WatchKit App.app"; sourceTree = BUILT_PRODUCTS_DIR; };
		DE8E9DE6278B657B00BE9A10 /* Assets.xcassets */ = {isa = PBXFileReference; lastKnownFileType = folder.assetcatalog; path = Assets.xcassets; sourceTree = "<group>"; };
		DE8E9DEC278B657B00BE9A10 /* DZ№9 (watchOS) WatchKit Extension.appex */ = {isa = PBXFileReference; explicitFileType = "wrapper.app-extension"; includeInIndex = 0; path = "DZ№9 (watchOS) WatchKit Extension.appex"; sourceTree = BUILT_PRODUCTS_DIR; };
		DE8E9DF5278B657B00BE9A10 /* NotificationController.swift */ = {isa = PBXFileReference; lastKnownFileType = sourcecode.swift; path = NotificationController.swift; sourceTree = "<group>"; };
		DE8E9DF7278B657B00BE9A10 /* NotificationView.swift */ = {isa = PBXFileReference; lastKnownFileType = sourcecode.swift; path = NotificationView.swift; sourceTree = "<group>"; };
		DE8E9DF9278B657B00BE9A10 /* ComplicationController.swift */ = {isa = PBXFileReference; lastKnownFileType = sourcecode.swift; path = ComplicationController.swift; sourceTree = "<group>"; };
		DE8E9DFE278B657C00BE9A10 /* Preview Assets.xcassets */ = {isa = PBXFileReference; lastKnownFileType = folder.assetcatalog; path = "Preview Assets.xcassets"; sourceTree = "<group>"; };
		DE8E9E00278B657C00BE9A10 /* Info.plist */ = {isa = PBXFileReference; lastKnownFileType = text.plist.xml; path = Info.plist; sourceTree = "<group>"; };
		DE8E9E01278B657C00BE9A10 /* PushNotificationPayload.apns */ = {isa = PBXFileReference; lastKnownFileType = text; path = PushNotificationPayload.apns; sourceTree = "<group>"; };
		DE8E9E22278B7C9C00BE9A10 /* Date+Year.swift */ = {isa = PBXFileReference; lastKnownFileType = sourcecode.swift; path = "Date+Year.swift"; sourceTree = "<group>"; };
/* End PBXFileReference section */

/* Begin PBXFrameworksBuildPhase section */
		DE8E9C53278A20B500BE9A10 /* Frameworks */ = {
			isa = PBXFrameworksBuildPhase;
			buildActionMask = 2147483647;
			files = (
				DE8E9E1C278B675400BE9A10 /* SDWebImageSwiftUI in Frameworks */,
			);
			runOnlyForDeploymentPostprocessing = 0;
		};
		DE8E9CE9278A300800BE9A10 /* Frameworks */ = {
			isa = PBXFrameworksBuildPhase;
			buildActionMask = 2147483647;
			files = (
				DE8E9E1F278B677A00BE9A10 /* SDWebImageSwiftUI in Frameworks */,
			);
			runOnlyForDeploymentPostprocessing = 0;
		};
		DE8E9DE9278B657B00BE9A10 /* Frameworks */ = {
			isa = PBXFrameworksBuildPhase;
			buildActionMask = 2147483647;
			files = (
				DE8E9E21278B678B00BE9A10 /* SDWebImageSwiftUI in Frameworks */,
			);
			runOnlyForDeploymentPostprocessing = 0;
		};
/* End PBXFrameworksBuildPhase section */

/* Begin PBXGroup section */
		DE8E9C49278A20B400BE9A10 = {
			isa = PBXGroup;
			children = (
				DE8E9C4E278A20B400BE9A10 /* Shared */,
				DE8E9CED278A300800BE9A10 /* DZ№9 */,
				DE8E9DE5278B657900BE9A10 /* DZ№9 (watchOS) WatchKit App */,
				DE8E9DF0278B657B00BE9A10 /* DZ№9 (watchOS) WatchKit Extension */,
				DE8E9C57278A20B500BE9A10 /* Products */,
				DE8E9E1D278B677A00BE9A10 /* Frameworks */,
			);
			sourceTree = "<group>";
		};
		DE8E9C4E278A20B400BE9A10 /* Shared */ = {
			isa = PBXGroup;
			children = (
				DE8E9C6E278A225700BE9A10 /* Album.swift */,
				DE8E9C6F278A225700BE9A10 /* AlbumsScreen.swift */,
				DE8E9C82278A2B5D00BE9A10 /* DetailScreen.swift */,
				DE8E9C77278A225700BE9A10 /* AlbumsScreenCell.swift */,
				DE8E9C6D278A225700BE9A10 /* AlbumsViewModel.swift */,
				DE8E9C76278A225700BE9A10 /* Router.swift */,
				DE8E9C4F278A20B400BE9A10 /* DZ_9App.swift */,
				DE8E9C50278A20B400BE9A10 /* ContentView.swift */,
				DE8E9E22278B7C9C00BE9A10 /* Date+Year.swift */,
				DE8E9C70278A225700BE9A10 /* NetworkService */,
				DE8E9C51278A20B500BE9A10 /* Assets.xcassets */,
			);
			path = Shared;
			sourceTree = "<group>";
		};
		DE8E9C57278A20B500BE9A10 /* Products */ = {
			isa = PBXGroup;
			children = (
				DE8E9C56278A20B500BE9A10 /* DZ№9.app */,
				DE8E9CEC278A300800BE9A10 /* DZ№9 (tvOS).app */,
				DE8E9DDE278B657900BE9A10 /* DZ№9 (watchOS).app */,
				DE8E9DE1278B657900BE9A10 /* DZ№9 (watchOS) WatchKit App.app */,
				DE8E9DEC278B657B00BE9A10 /* DZ№9 (watchOS) WatchKit Extension.appex */,
			);
			name = Products;
			sourceTree = "<group>";
		};
		DE8E9C70278A225700BE9A10 /* NetworkService */ = {
			isa = PBXGroup;
			children = (
				DE8E9C71278A225700BE9A10 /* URLRequestBuilder.swift */,
				DE8E9C72278A225700BE9A10 /* AlbumsNetworkRouter.swift */,
				DE8E9C73278A225700BE9A10 /* ApiRouter.swift */,
				DE8E9C74278A225700BE9A10 /* NetworkService.swift */,
				DE8E9C75278A225700BE9A10 /* AlbumsApi.swift */,
			);
			path = NetworkService;
			sourceTree = "<group>";
		};
		DE8E9CED278A300800BE9A10 /* DZ№9 */ = {
			isa = PBXGroup;
			children = (
				DE8E9CF4278A300900BE9A10 /* Preview Content */,
			);
			path = "DZ№9";
			sourceTree = "<group>";
		};
		DE8E9CF4278A300900BE9A10 /* Preview Content */ = {
			isa = PBXGroup;
			children = (
				DE8E9CF5278A300900BE9A10 /* Preview Assets.xcassets */,
			);
			path = "Preview Content";
			sourceTree = "<group>";
		};
		DE8E9DE5278B657900BE9A10 /* DZ№9 (watchOS) WatchKit App */ = {
			isa = PBXGroup;
			children = (
				DE8E9DE6278B657B00BE9A10 /* Assets.xcassets */,
			);
			path = "DZ№9 (watchOS) WatchKit App";
			sourceTree = "<group>";
		};
		DE8E9DF0278B657B00BE9A10 /* DZ№9 (watchOS) WatchKit Extension */ = {
			isa = PBXGroup;
			children = (
				DE8E9DF5278B657B00BE9A10 /* NotificationController.swift */,
				DE8E9DF7278B657B00BE9A10 /* NotificationView.swift */,
				DE8E9DF9278B657B00BE9A10 /* ComplicationController.swift */,
				DE8E9E00278B657C00BE9A10 /* Info.plist */,
				DE8E9E01278B657C00BE9A10 /* PushNotificationPayload.apns */,
				DE8E9DFD278B657C00BE9A10 /* Preview Content */,
			);
			path = "DZ№9 (watchOS) WatchKit Extension";
			sourceTree = "<group>";
		};
		DE8E9DFD278B657C00BE9A10 /* Preview Content */ = {
			isa = PBXGroup;
			children = (
				DE8E9DFE278B657C00BE9A10 /* Preview Assets.xcassets */,
			);
			path = "Preview Content";
			sourceTree = "<group>";
		};
		DE8E9E1D278B677A00BE9A10 /* Frameworks */ = {
			isa = PBXGroup;
			children = (
			);
			name = Frameworks;
			sourceTree = "<group>";
		};
/* End PBXGroup section */

/* Begin PBXNativeTarget section */
		DE8E9C55278A20B500BE9A10 /* DZ№9 (iOS) */ = {
			isa = PBXNativeTarget;
			buildConfigurationList = DE8E9C67278A20B500BE9A10 /* Build configuration list for PBXNativeTarget "DZ№9 (iOS)" */;
			buildPhases = (
				DE8E9C52278A20B500BE9A10 /* Sources */,
				DE8E9C53278A20B500BE9A10 /* Frameworks */,
				DE8E9C54278A20B500BE9A10 /* Resources */,
			);
			buildRules = (
			);
			dependencies = (
			);
			name = "DZ№9 (iOS)";
			packageProductDependencies = (
				DE8E9E1B278B675400BE9A10 /* SDWebImageSwiftUI */,
			);
			productName = "DZ№9 (iOS)";
			productReference = DE8E9C56278A20B500BE9A10 /* DZ№9.app */;
			productType = "com.apple.product-type.application";
		};
		DE8E9CEB278A300800BE9A10 /* DZ№9 (tvOS) */ = {
			isa = PBXNativeTarget;
			buildConfigurationList = DE8E9CF9278A300900BE9A10 /* Build configuration list for PBXNativeTarget "DZ№9 (tvOS)" */;
			buildPhases = (
				DE8E9CE8278A300800BE9A10 /* Sources */,
				DE8E9CE9278A300800BE9A10 /* Frameworks */,
				DE8E9CEA278A300800BE9A10 /* Resources */,
			);
			buildRules = (
			);
			dependencies = (
			);
			name = "DZ№9 (tvOS)";
			packageProductDependencies = (
				DE8E9E1E278B677A00BE9A10 /* SDWebImageSwiftUI */,
			);
			productName = "DZ№9";
			productReference = DE8E9CEC278A300800BE9A10 /* DZ№9 (tvOS).app */;
			productType = "com.apple.product-type.application";
		};
		DE8E9DDD278B657900BE9A10 /* DZ№9 (watchOS) */ = {
			isa = PBXNativeTarget;
			buildConfigurationList = DE8E9E0C278B657C00BE9A10 /* Build configuration list for PBXNativeTarget "DZ№9 (watchOS)" */;
			buildPhases = (
				DE8E9DDC278B657900BE9A10 /* Resources */,
				DE8E9E04278B657C00BE9A10 /* Embed Watch Content */,
			);
			buildRules = (
			);
			dependencies = (
				DE8E9DE4278B657900BE9A10 /* PBXTargetDependency */,
			);
			name = "DZ№9 (watchOS)";
			productName = "DZ№9 (watchOS)";
			productReference = DE8E9DDE278B657900BE9A10 /* DZ№9 (watchOS).app */;
			productType = "com.apple.product-type.application.watchapp2-container";
		};
		DE8E9DE0278B657900BE9A10 /* DZ№9 (watchOS) WatchKit App */ = {
			isa = PBXNativeTarget;
			buildConfigurationList = DE8E9E0B278B657C00BE9A10 /* Build configuration list for PBXNativeTarget "DZ№9 (watchOS) WatchKit App" */;
			buildPhases = (
				DE8E9DDF278B657900BE9A10 /* Resources */,
				DE8E9E07278B657C00BE9A10 /* Embed App Extensions */,
			);
			buildRules = (
			);
			dependencies = (
				DE8E9DEF278B657B00BE9A10 /* PBXTargetDependency */,
			);
			name = "DZ№9 (watchOS) WatchKit App";
			productName = "DZ№9 (watchOS) WatchKit App";
			productReference = DE8E9DE1278B657900BE9A10 /* DZ№9 (watchOS) WatchKit App.app */;
			productType = "com.apple.product-type.application.watchapp2";
		};
		DE8E9DEB278B657B00BE9A10 /* DZ№9 (watchOS) WatchKit Extension */ = {
			isa = PBXNativeTarget;
			buildConfigurationList = DE8E9E0A278B657C00BE9A10 /* Build configuration list for PBXNativeTarget "DZ№9 (watchOS) WatchKit Extension" */;
			buildPhases = (
				DE8E9DE8278B657B00BE9A10 /* Sources */,
				DE8E9DE9278B657B00BE9A10 /* Frameworks */,
				DE8E9DEA278B657B00BE9A10 /* Resources */,
			);
			buildRules = (
			);
			dependencies = (
			);
			name = "DZ№9 (watchOS) WatchKit Extension";
			packageProductDependencies = (
				DE8E9E20278B678B00BE9A10 /* SDWebImageSwiftUI */,
			);
			productName = "DZ№9 (watchOS) WatchKit Extension";
			productReference = DE8E9DEC278B657B00BE9A10 /* DZ№9 (watchOS) WatchKit Extension.appex */;
			productType = "com.apple.product-type.watchkit2-extension";
		};
/* End PBXNativeTarget section */

/* Begin PBXProject section */
		DE8E9C4A278A20B400BE9A10 /* Project object */ = {
			isa = PBXProject;
			attributes = {
				BuildIndependentTargetsInParallel = 1;
				LastSwiftUpdateCheck = 1310;
				LastUpgradeCheck = 1310;
				TargetAttributes = {
					DE8E9C55278A20B500BE9A10 = {
						CreatedOnToolsVersion = 13.1;
					};
					DE8E9CEB278A300800BE9A10 = {
						CreatedOnToolsVersion = 13.1;
					};
					DE8E9DDD278B657900BE9A10 = {
						CreatedOnToolsVersion = 13.1;
					};
					DE8E9DE0278B657900BE9A10 = {
						CreatedOnToolsVersion = 13.1;
					};
					DE8E9DEB278B657B00BE9A10 = {
						CreatedOnToolsVersion = 13.1;
					};
				};
			};
			buildConfigurationList = DE8E9C4D278A20B400BE9A10 /* Build configuration list for PBXProject "DZ№9" */;
			compatibilityVersion = "Xcode 13.0";
			developmentRegion = en;
			hasScannedForEncodings = 0;
			knownRegions = (
				en,
				Base,
			);
			mainGroup = DE8E9C49278A20B400BE9A10;
			packageReferences = (
				DE8E9E1A278B675400BE9A10 /* XCRemoteSwiftPackageReference "SDWebImageSwiftUI" */,
			);
			productRefGroup = DE8E9C57278A20B500BE9A10 /* Products */;
			projectDirPath = "";
			projectRoot = "";
			targets = (
				DE8E9C55278A20B500BE9A10 /* DZ№9 (iOS) */,
				DE8E9CEB278A300800BE9A10 /* DZ№9 (tvOS) */,
				DE8E9DDD278B657900BE9A10 /* DZ№9 (watchOS) */,
				DE8E9DE0278B657900BE9A10 /* DZ№9 (watchOS) WatchKit App */,
				DE8E9DEB278B657B00BE9A10 /* DZ№9 (watchOS) WatchKit Extension */,
			);
		};
/* End PBXProject section */

/* Begin PBXResourcesBuildPhase section */
		DE8E9C54278A20B500BE9A10 /* Resources */ = {
			isa = PBXResourcesBuildPhase;
			buildActionMask = 2147483647;
			files = (
				DE8E9C63278A20B500BE9A10 /* Assets.xcassets in Resources */,
			);
			runOnlyForDeploymentPostprocessing = 0;
		};
		DE8E9CEA278A300800BE9A10 /* Resources */ = {
			isa = PBXResourcesBuildPhase;
			buildActionMask = 2147483647;
			files = (
				DE8E9CF6278A300900BE9A10 /* Preview Assets.xcassets in Resources */,
			);
			runOnlyForDeploymentPostprocessing = 0;
		};
		DE8E9DDC278B657900BE9A10 /* Resources */ = {
			isa = PBXResourcesBuildPhase;
			buildActionMask = 2147483647;
			files = (
			);
			runOnlyForDeploymentPostprocessing = 0;
		};
		DE8E9DDF278B657900BE9A10 /* Resources */ = {
			isa = PBXResourcesBuildPhase;
			buildActionMask = 2147483647;
			files = (
				DE8E9DE7278B657B00BE9A10 /* Assets.xcassets in Resources */,
			);
			runOnlyForDeploymentPostprocessing = 0;
		};
		DE8E9DEA278B657B00BE9A10 /* Resources */ = {
			isa = PBXResourcesBuildPhase;
			buildActionMask = 2147483647;
			files = (
				DE8E9DFF278B657C00BE9A10 /* Preview Assets.xcassets in Resources */,
			);
			runOnlyForDeploymentPostprocessing = 0;
		};
/* End PBXResourcesBuildPhase section */

/* Begin PBXSourcesBuildPhase section */
		DE8E9C52278A20B500BE9A10 /* Sources */ = {
			isa = PBXSourcesBuildPhase;
			buildActionMask = 2147483647;
			files = (
				DE8E9C80278A225700BE9A10 /* Router.swift in Sources */,
				DE8E9C7F278A225700BE9A10 /* AlbumsApi.swift in Sources */,
				DE8E9C61278A20B500BE9A10 /* ContentView.swift in Sources */,
				DE8E9C5F278A20B500BE9A10 /* DZ_9App.swift in Sources */,
				DE8E9C78278A225700BE9A10 /* AlbumsViewModel.swift in Sources */,
				DE8E9C81278A225700BE9A10 /* AlbumsScreenCell.swift in Sources */,
				DE8E9E23278B7C9C00BE9A10 /* Date+Year.swift in Sources */,
				DE8E9C79278A225700BE9A10 /* Album.swift in Sources */,
				DE8E9C7E278A225700BE9A10 /* NetworkService.swift in Sources */,
				DE8E9C83278A2B5D00BE9A10 /* DetailScreen.swift in Sources */,
				DE8E9C7A278A225700BE9A10 /* AlbumsScreen.swift in Sources */,
				DE8E9C7D278A225700BE9A10 /* ApiRouter.swift in Sources */,
				DE8E9C7B278A225700BE9A10 /* URLRequestBuilder.swift in Sources */,
				DE8E9C7C278A225700BE9A10 /* AlbumsNetworkRouter.swift in Sources */,
			);
			runOnlyForDeploymentPostprocessing = 0;
		};
		DE8E9CE8278A300800BE9A10 /* Sources */ = {
			isa = PBXSourcesBuildPhase;
			buildActionMask = 2147483647;
			files = (
				DE8E9D02278A309300BE9A10 /* NetworkService.swift in Sources */,
				DE8E9CFF278A304100BE9A10 /* Router.swift in Sources */,
				DE8E9CFC278A303600BE9A10 /* DetailScreen.swift in Sources */,
				DE8E9D03278A309300BE9A10 /* AlbumsApi.swift in Sources */,
				DE8E9D04278A309300BE9A10 /* AlbumsNetworkRouter.swift in Sources */,
				DE8E9CFB278A303300BE9A10 /* AlbumsScreen.swift in Sources */,
				DE8E9E24278B7C9C00BE9A10 /* Date+Year.swift in Sources */,
				DE8E9CFE278A303E00BE9A10 /* AlbumsViewModel.swift in Sources */,
				DE8E9D01278A308B00BE9A10 /* ContentView.swift in Sources */,
				DE8E9CFA278A303000BE9A10 /* Album.swift in Sources */,
				DE8E9D06278A309300BE9A10 /* URLRequestBuilder.swift in Sources */,
				DE8E9D00278A308800BE9A10 /* DZ_9App.swift in Sources */,
				DE8E9CFD278A303900BE9A10 /* AlbumsScreenCell.swift in Sources */,
				DE8E9D05278A309300BE9A10 /* ApiRouter.swift in Sources */,
			);
			runOnlyForDeploymentPostprocessing = 0;
		};
		DE8E9DE8278B657B00BE9A10 /* Sources */ = {
			isa = PBXSourcesBuildPhase;
			buildActionMask = 2147483647;
			files = (
				DE8E9E11278B65B100BE9A10 /* DetailScreen.swift in Sources */,
				DE8E9DF6278B657B00BE9A10 /* NotificationController.swift in Sources */,
				DE8E9E0D278B65B100BE9A10 /* AlbumsScreenCell.swift in Sources */,
				DE8E9DFA278B657B00BE9A10 /* ComplicationController.swift in Sources */,
				DE8E9E18278B65B600BE9A10 /* AlbumsNetworkRouter.swift in Sources */,
				DE8E9E25278B7C9C00BE9A10 /* Date+Year.swift in Sources */,
				DE8E9E19278B65B600BE9A10 /* ApiRouter.swift in Sources */,
				DE8E9E13278B65B100BE9A10 /* AlbumsViewModel.swift in Sources */,
				DE8E9E15278B65B600BE9A10 /* URLRequestBuilder.swift in Sources */,
				DE8E9E10278B65B100BE9A10 /* AlbumsScreen.swift in Sources */,
				DE8E9E12278B65B100BE9A10 /* ContentView.swift in Sources */,
				DE8E9E0E278B65B100BE9A10 /* DZ_9App.swift in Sources */,
				DE8E9E14278B65B100BE9A10 /* Album.swift in Sources */,
				DE8E9E17278B65B600BE9A10 /* AlbumsApi.swift in Sources */,
				DE8E9E0F278B65B100BE9A10 /* Router.swift in Sources */,
				DE8E9E16278B65B600BE9A10 /* NetworkService.swift in Sources */,
				DE8E9DF8278B657B00BE9A10 /* NotificationView.swift in Sources */,
			);
			runOnlyForDeploymentPostprocessing = 0;
		};
/* End PBXSourcesBuildPhase section */

/* Begin PBXTargetDependency section */
		DE8E9DE4278B657900BE9A10 /* PBXTargetDependency */ = {
			isa = PBXTargetDependency;
			target = DE8E9DE0278B657900BE9A10 /* DZ№9 (watchOS) WatchKit App */;
			targetProxy = DE8E9DE3278B657900BE9A10 /* PBXContainerItemProxy */;
		};
		DE8E9DEF278B657B00BE9A10 /* PBXTargetDependency */ = {
			isa = PBXTargetDependency;
			target = DE8E9DEB278B657B00BE9A10 /* DZ№9 (watchOS) WatchKit Extension */;
			targetProxy = DE8E9DEE278B657B00BE9A10 /* PBXContainerItemProxy */;
		};
/* End PBXTargetDependency section */

/* Begin XCBuildConfiguration section */
		DE8E9C65278A20B500BE9A10 /* Debug */ = {
			isa = XCBuildConfiguration;
			buildSettings = {
				ALWAYS_SEARCH_USER_PATHS = NO;
				CLANG_ANALYZER_NONNULL = YES;
				CLANG_ANALYZER_NUMBER_OBJECT_CONVERSION = YES_AGGRESSIVE;
				CLANG_CXX_LANGUAGE_STANDARD = "gnu++17";
				CLANG_CXX_LIBRARY = "libc++";
				CLANG_ENABLE_MODULES = YES;
				CLANG_ENABLE_OBJC_ARC = YES;
				CLANG_ENABLE_OBJC_WEAK = YES;
				CLANG_WARN_BLOCK_CAPTURE_AUTORELEASING = YES;
				CLANG_WARN_BOOL_CONVERSION = YES;
				CLANG_WARN_COMMA = YES;
				CLANG_WARN_CONSTANT_CONVERSION = YES;
				CLANG_WARN_DEPRECATED_OBJC_IMPLEMENTATIONS = YES;
				CLANG_WARN_DIRECT_OBJC_ISA_USAGE = YES_ERROR;
				CLANG_WARN_DOCUMENTATION_COMMENTS = YES;
				CLANG_WARN_EMPTY_BODY = YES;
				CLANG_WARN_ENUM_CONVERSION = YES;
				CLANG_WARN_INFINITE_RECURSION = YES;
				CLANG_WARN_INT_CONVERSION = YES;
				CLANG_WARN_NON_LITERAL_NULL_CONVERSION = YES;
				CLANG_WARN_OBJC_IMPLICIT_RETAIN_SELF = YES;
				CLANG_WARN_OBJC_LITERAL_CONVERSION = YES;
				CLANG_WARN_OBJC_ROOT_CLASS = YES_ERROR;
				CLANG_WARN_QUOTED_INCLUDE_IN_FRAMEWORK_HEADER = YES;
				CLANG_WARN_RANGE_LOOP_ANALYSIS = YES;
				CLANG_WARN_STRICT_PROTOTYPES = YES;
				CLANG_WARN_SUSPICIOUS_MOVE = YES;
				CLANG_WARN_UNGUARDED_AVAILABILITY = YES_AGGRESSIVE;
				CLANG_WARN_UNREACHABLE_CODE = YES;
				CLANG_WARN__DUPLICATE_METHOD_MATCH = YES;
				COPY_PHASE_STRIP = NO;
				DEBUG_INFORMATION_FORMAT = dwarf;
				ENABLE_STRICT_OBJC_MSGSEND = YES;
				ENABLE_TESTABILITY = YES;
				GCC_C_LANGUAGE_STANDARD = gnu11;
				GCC_DYNAMIC_NO_PIC = NO;
				GCC_NO_COMMON_BLOCKS = YES;
				GCC_OPTIMIZATION_LEVEL = 0;
				GCC_PREPROCESSOR_DEFINITIONS = (
					"DEBUG=1",
					"$(inherited)",
				);
				GCC_WARN_64_TO_32_BIT_CONVERSION = YES;
				GCC_WARN_ABOUT_RETURN_TYPE = YES_ERROR;
				GCC_WARN_UNDECLARED_SELECTOR = YES;
				GCC_WARN_UNINITIALIZED_AUTOS = YES_AGGRESSIVE;
				GCC_WARN_UNUSED_FUNCTION = YES;
				GCC_WARN_UNUSED_VARIABLE = YES;
				MTL_ENABLE_DEBUG_INFO = INCLUDE_SOURCE;
				MTL_FAST_MATH = YES;
				ONLY_ACTIVE_ARCH = YES;
				SWIFT_ACTIVE_COMPILATION_CONDITIONS = DEBUG;
				SWIFT_OPTIMIZATION_LEVEL = "-Onone";
			};
			name = Debug;
		};
		DE8E9C66278A20B500BE9A10 /* Release */ = {
			isa = XCBuildConfiguration;
			buildSettings = {
				ALWAYS_SEARCH_USER_PATHS = NO;
				CLANG_ANALYZER_NONNULL = YES;
				CLANG_ANALYZER_NUMBER_OBJECT_CONVERSION = YES_AGGRESSIVE;
				CLANG_CXX_LANGUAGE_STANDARD = "gnu++17";
				CLANG_CXX_LIBRARY = "libc++";
				CLANG_ENABLE_MODULES = YES;
				CLANG_ENABLE_OBJC_ARC = YES;
				CLANG_ENABLE_OBJC_WEAK = YES;
				CLANG_WARN_BLOCK_CAPTURE_AUTORELEASING = YES;
				CLANG_WARN_BOOL_CONVERSION = YES;
				CLANG_WARN_COMMA = YES;
				CLANG_WARN_CONSTANT_CONVERSION = YES;
				CLANG_WARN_DEPRECATED_OBJC_IMPLEMENTATIONS = YES;
				CLANG_WARN_DIRECT_OBJC_ISA_USAGE = YES_ERROR;
				CLANG_WARN_DOCUMENTATION_COMMENTS = YES;
				CLANG_WARN_EMPTY_BODY = YES;
				CLANG_WARN_ENUM_CONVERSION = YES;
				CLANG_WARN_INFINITE_RECURSION = YES;
				CLANG_WARN_INT_CONVERSION = YES;
				CLANG_WARN_NON_LITERAL_NULL_CONVERSION = YES;
				CLANG_WARN_OBJC_IMPLICIT_RETAIN_SELF = YES;
				CLANG_WARN_OBJC_LITERAL_CONVERSION = YES;
				CLANG_WARN_OBJC_ROOT_CLASS = YES_ERROR;
				CLANG_WARN_QUOTED_INCLUDE_IN_FRAMEWORK_HEADER = YES;
				CLANG_WARN_RANGE_LOOP_ANALYSIS = YES;
				CLANG_WARN_STRICT_PROTOTYPES = YES;
				CLANG_WARN_SUSPICIOUS_MOVE = YES;
				CLANG_WARN_UNGUARDED_AVAILABILITY = YES_AGGRESSIVE;
				CLANG_WARN_UNREACHABLE_CODE = YES;
				CLANG_WARN__DUPLICATE_METHOD_MATCH = YES;
				COPY_PHASE_STRIP = NO;
				DEBUG_INFORMATION_FORMAT = "dwarf-with-dsym";
				ENABLE_NS_ASSERTIONS = NO;
				ENABLE_STRICT_OBJC_MSGSEND = YES;
				GCC_C_LANGUAGE_STANDARD = gnu11;
				GCC_NO_COMMON_BLOCKS = YES;
				GCC_WARN_64_TO_32_BIT_CONVERSION = YES;
				GCC_WARN_ABOUT_RETURN_TYPE = YES_ERROR;
				GCC_WARN_UNDECLARED_SELECTOR = YES;
				GCC_WARN_UNINITIALIZED_AUTOS = YES_AGGRESSIVE;
				GCC_WARN_UNUSED_FUNCTION = YES;
				GCC_WARN_UNUSED_VARIABLE = YES;
				MTL_ENABLE_DEBUG_INFO = NO;
				MTL_FAST_MATH = YES;
				SWIFT_COMPILATION_MODE = wholemodule;
				SWIFT_OPTIMIZATION_LEVEL = "-O";
			};
			name = Release;
		};
		DE8E9C68278A20B500BE9A10 /* Debug */ = {
			isa = XCBuildConfiguration;
			buildSettings = {
				ASSETCATALOG_COMPILER_APPICON_NAME = AppIcon;
				ASSETCATALOG_COMPILER_GLOBAL_ACCENT_COLOR_NAME = AccentColor;
				CODE_SIGN_STYLE = Automatic;
				CURRENT_PROJECT_VERSION = 1;
				DEVELOPMENT_TEAM = 6UN4892VFR;
				ENABLE_PREVIEWS = YES;
				GENERATE_INFOPLIST_FILE = YES;
				INFOPLIST_KEY_UIApplicationSceneManifest_Generation = YES;
				INFOPLIST_KEY_UIApplicationSupportsIndirectInputEvents = YES;
				INFOPLIST_KEY_UILaunchScreen_Generation = YES;
				INFOPLIST_KEY_UISupportedInterfaceOrientations = UIInterfaceOrientationPortrait;
				INFOPLIST_KEY_UISupportedInterfaceOrientations_iPad = "UIInterfaceOrientationPortrait UIInterfaceOrientationPortraitUpsideDown UIInterfaceOrientationLandscapeLeft UIInterfaceOrientationLandscapeRight";
				INFOPLIST_KEY_UISupportedInterfaceOrientations_iPhone = "UIInterfaceOrientationPortrait UIInterfaceOrientationLandscapeLeft UIInterfaceOrientationLandscapeRight";
				IPHONEOS_DEPLOYMENT_TARGET = 15.0;
				LD_RUNPATH_SEARCH_PATHS = (
					"$(inherited)",
					"@executable_path/Frameworks",
				);
				MARKETING_VERSION = 1.0;
				PRODUCT_BUNDLE_IDENTIFIER = "com.egm.DZ-9";
				PRODUCT_NAME = "DZ№9";
				SDKROOT = iphoneos;
				SWIFT_EMIT_LOC_STRINGS = YES;
				SWIFT_VERSION = 5.0;
				TARGETED_DEVICE_FAMILY = 1;
			};
			name = Debug;
		};
		DE8E9C69278A20B500BE9A10 /* Release */ = {
			isa = XCBuildConfiguration;
			buildSettings = {
				ASSETCATALOG_COMPILER_APPICON_NAME = AppIcon;
				ASSETCATALOG_COMPILER_GLOBAL_ACCENT_COLOR_NAME = AccentColor;
				CODE_SIGN_STYLE = Automatic;
				CURRENT_PROJECT_VERSION = 1;
				DEVELOPMENT_TEAM = 6UN4892VFR;
				ENABLE_PREVIEWS = YES;
				GENERATE_INFOPLIST_FILE = YES;
				INFOPLIST_KEY_UIApplicationSceneManifest_Generation = YES;
				INFOPLIST_KEY_UIApplicationSupportsIndirectInputEvents = YES;
				INFOPLIST_KEY_UILaunchScreen_Generation = YES;
				INFOPLIST_KEY_UISupportedInterfaceOrientations = UIInterfaceOrientationPortrait;
				INFOPLIST_KEY_UISupportedInterfaceOrientations_iPad = "UIInterfaceOrientationPortrait UIInterfaceOrientationPortraitUpsideDown UIInterfaceOrientationLandscapeLeft UIInterfaceOrientationLandscapeRight";
				INFOPLIST_KEY_UISupportedInterfaceOrientations_iPhone = "UIInterfaceOrientationPortrait UIInterfaceOrientationLandscapeLeft UIInterfaceOrientationLandscapeRight";
				IPHONEOS_DEPLOYMENT_TARGET = 15.0;
				LD_RUNPATH_SEARCH_PATHS = (
					"$(inherited)",
					"@executable_path/Frameworks",
				);
				MARKETING_VERSION = 1.0;
				PRODUCT_BUNDLE_IDENTIFIER = "com.egm.DZ-9";
				PRODUCT_NAME = "DZ№9";
				SDKROOT = iphoneos;
				SWIFT_EMIT_LOC_STRINGS = YES;
				SWIFT_VERSION = 5.0;
				TARGETED_DEVICE_FAMILY = 1;
				VALIDATE_PRODUCT = YES;
			};
			name = Release;
		};
		DE8E9CF7278A300900BE9A10 /* Debug */ = {
			isa = XCBuildConfiguration;
			buildSettings = {
				ASSETCATALOG_COMPILER_GLOBAL_ACCENT_COLOR_NAME = AccentColor;
				CODE_SIGN_STYLE = Automatic;
				CURRENT_PROJECT_VERSION = 1;
				DEVELOPMENT_ASSET_PATHS = "\"DZ№9/Preview Content\"";
				DEVELOPMENT_TEAM = 6UN4892VFR;
				ENABLE_PREVIEWS = YES;
				GENERATE_INFOPLIST_FILE = YES;
				INFOPLIST_KEY_UILaunchScreen_Generation = YES;
				INFOPLIST_KEY_UIUserInterfaceStyle = Automatic;
				LD_RUNPATH_SEARCH_PATHS = (
					"$(inherited)",
					"@executable_path/Frameworks",
				);
				MARKETING_VERSION = 1.0;
				PRODUCT_BUNDLE_IDENTIFIER = "com.egm.DZ-9";
				PRODUCT_NAME = "$(TARGET_NAME)";
				SDKROOT = appletvos;
				SWIFT_EMIT_LOC_STRINGS = YES;
				SWIFT_VERSION = 5.0;
				TARGETED_DEVICE_FAMILY = 3;
				TVOS_DEPLOYMENT_TARGET = 15.0;
			};
			name = Debug;
		};
		DE8E9CF8278A300900BE9A10 /* Release */ = {
			isa = XCBuildConfiguration;
			buildSettings = {
				ASSETCATALOG_COMPILER_GLOBAL_ACCENT_COLOR_NAME = AccentColor;
				CODE_SIGN_STYLE = Automatic;
				CURRENT_PROJECT_VERSION = 1;
				DEVELOPMENT_ASSET_PATHS = "\"DZ№9/Preview Content\"";
				DEVELOPMENT_TEAM = 6UN4892VFR;
				ENABLE_PREVIEWS = YES;
				GENERATE_INFOPLIST_FILE = YES;
				INFOPLIST_KEY_UILaunchScreen_Generation = YES;
				INFOPLIST_KEY_UIUserInterfaceStyle = Automatic;
				LD_RUNPATH_SEARCH_PATHS = (
					"$(inherited)",
					"@executable_path/Frameworks",
				);
				MARKETING_VERSION = 1.0;
				PRODUCT_BUNDLE_IDENTIFIER = "com.egm.DZ-9";
				PRODUCT_NAME = "$(TARGET_NAME)";
				SDKROOT = appletvos;
				SWIFT_EMIT_LOC_STRINGS = YES;
				SWIFT_VERSION = 5.0;
				TARGETED_DEVICE_FAMILY = 3;
				TVOS_DEPLOYMENT_TARGET = 15.0;
				VALIDATE_PRODUCT = YES;
			};
			name = Release;
		};
		DE8E9E02278B657C00BE9A10 /* Debug */ = {
			isa = XCBuildConfiguration;
			buildSettings = {
				CODE_SIGN_STYLE = Automatic;
				CURRENT_PROJECT_VERSION = 1;
				DEVELOPMENT_TEAM = 6UN4892VFR;
				MARKETING_VERSION = 1.0;
				PRODUCT_BUNDLE_IDENTIFIER = "com.egm.DZ-9--watchOS-";
				PRODUCT_NAME = "$(TARGET_NAME)";
				SDKROOT = iphoneos;
				SWIFT_VERSION = 5.0;
			};
			name = Debug;
		};
		DE8E9E03278B657C00BE9A10 /* Release */ = {
			isa = XCBuildConfiguration;
			buildSettings = {
				CODE_SIGN_STYLE = Automatic;
				CURRENT_PROJECT_VERSION = 1;
				DEVELOPMENT_TEAM = 6UN4892VFR;
				MARKETING_VERSION = 1.0;
				PRODUCT_BUNDLE_IDENTIFIER = "com.egm.DZ-9--watchOS-";
				PRODUCT_NAME = "$(TARGET_NAME)";
				SDKROOT = iphoneos;
				SWIFT_VERSION = 5.0;
				VALIDATE_PRODUCT = YES;
			};
			name = Release;
		};
		DE8E9E05278B657C00BE9A10 /* Debug */ = {
			isa = XCBuildConfiguration;
			buildSettings = {
				ALWAYS_EMBED_SWIFT_STANDARD_LIBRARIES = YES;
				ASSETCATALOG_COMPILER_APPICON_NAME = AppIcon;
				ASSETCATALOG_COMPILER_GLOBAL_ACCENT_COLOR_NAME = AccentColor;
				CODE_SIGN_STYLE = Automatic;
				CURRENT_PROJECT_VERSION = 1;
				DEVELOPMENT_TEAM = 6UN4892VFR;
				GENERATE_INFOPLIST_FILE = YES;
				IBSC_MODULE = DZ_9__watchOS__WatchKit_Extension;
				INFOPLIST_KEY_CFBundleDisplayName = "DZ№9 (watchOS) WatchKit App";
				INFOPLIST_KEY_UISupportedInterfaceOrientations = "UIInterfaceOrientationPortrait UIInterfaceOrientationPortraitUpsideDown";
				MARKETING_VERSION = 1.0;
				PRODUCT_BUNDLE_IDENTIFIER = "com.egm.DZ-9--watchOS-.watchkitapp";
				PRODUCT_NAME = "$(TARGET_NAME)";
				SDKROOT = watchos;
				SKIP_INSTALL = YES;
				SWIFT_EMIT_LOC_STRINGS = YES;
				SWIFT_VERSION = 5.0;
				TARGETED_DEVICE_FAMILY = 4;
				WATCHOS_DEPLOYMENT_TARGET = 8.0;
			};
			name = Debug;
		};
		DE8E9E06278B657C00BE9A10 /* Release */ = {
			isa = XCBuildConfiguration;
			buildSettings = {
				ALWAYS_EMBED_SWIFT_STANDARD_LIBRARIES = YES;
				ASSETCATALOG_COMPILER_APPICON_NAME = AppIcon;
				ASSETCATALOG_COMPILER_GLOBAL_ACCENT_COLOR_NAME = AccentColor;
				CODE_SIGN_STYLE = Automatic;
				CURRENT_PROJECT_VERSION = 1;
				DEVELOPMENT_TEAM = 6UN4892VFR;
				GENERATE_INFOPLIST_FILE = YES;
				IBSC_MODULE = DZ_9__watchOS__WatchKit_Extension;
				INFOPLIST_KEY_CFBundleDisplayName = "DZ№9 (watchOS) WatchKit App";
				INFOPLIST_KEY_UISupportedInterfaceOrientations = "UIInterfaceOrientationPortrait UIInterfaceOrientationPortraitUpsideDown";
				MARKETING_VERSION = 1.0;
				PRODUCT_BUNDLE_IDENTIFIER = "com.egm.DZ-9--watchOS-.watchkitapp";
				PRODUCT_NAME = "$(TARGET_NAME)";
				SDKROOT = watchos;
				SKIP_INSTALL = YES;
				SWIFT_EMIT_LOC_STRINGS = YES;
				SWIFT_VERSION = 5.0;
				TARGETED_DEVICE_FAMILY = 4;
				VALIDATE_PRODUCT = YES;
				WATCHOS_DEPLOYMENT_TARGET = 8.0;
			};
			name = Release;
		};
		DE8E9E08278B657C00BE9A10 /* Debug */ = {
			isa = XCBuildConfiguration;
			buildSettings = {
				ASSETCATALOG_COMPILER_COMPLICATION_NAME = Complication;
				CODE_SIGN_STYLE = Automatic;
				CURRENT_PROJECT_VERSION = 1;
				DEVELOPMENT_ASSET_PATHS = "\"DZ№9 (watchOS) WatchKit Extension/Preview Content\"";
				DEVELOPMENT_TEAM = 6UN4892VFR;
				ENABLE_PREVIEWS = YES;
				GENERATE_INFOPLIST_FILE = YES;
				INFOPLIST_FILE = "DZ№9 (watchOS) WatchKit Extension/Info.plist";
				INFOPLIST_KEY_CFBundleDisplayName = "DZ№9 (watchOS) WatchKit Extension";
				INFOPLIST_KEY_CLKComplicationPrincipalClass = "$(PRODUCT_MODULE_NAME).ComplicationController";
				INFOPLIST_KEY_NSHumanReadableCopyright = "";
				INFOPLIST_KEY_WKWatchOnly = YES;
				LD_RUNPATH_SEARCH_PATHS = (
					"$(inherited)",
					"@executable_path/Frameworks",
					"@executable_path/../../Frameworks",
				);
				MARKETING_VERSION = 1.0;
				PRODUCT_BUNDLE_IDENTIFIER = "com.egm.DZ-9--watchOS-.watchkitapp.watchkitextension";
				PRODUCT_NAME = "${TARGET_NAME}";
				SDKROOT = watchos;
				SKIP_INSTALL = YES;
				SWIFT_EMIT_LOC_STRINGS = YES;
				SWIFT_VERSION = 5.0;
				TARGETED_DEVICE_FAMILY = 4;
				WATCHOS_DEPLOYMENT_TARGET = 8.0;
			};
			name = Debug;
		};
		DE8E9E09278B657C00BE9A10 /* Release */ = {
			isa = XCBuildConfiguration;
			buildSettings = {
				ASSETCATALOG_COMPILER_COMPLICATION_NAME = Complication;
				CODE_SIGN_STYLE = Automatic;
				CURRENT_PROJECT_VERSION = 1;
				DEVELOPMENT_ASSET_PATHS = "\"DZ№9 (watchOS) WatchKit Extension/Preview Content\"";
				DEVELOPMENT_TEAM = 6UN4892VFR;
				ENABLE_PREVIEWS = YES;
				GENERATE_INFOPLIST_FILE = YES;
				INFOPLIST_FILE = "DZ№9 (watchOS) WatchKit Extension/Info.plist";
				INFOPLIST_KEY_CFBundleDisplayName = "DZ№9 (watchOS) WatchKit Extension";
				INFOPLIST_KEY_CLKComplicationPrincipalClass = "$(PRODUCT_MODULE_NAME).ComplicationController";
				INFOPLIST_KEY_NSHumanReadableCopyright = "";
				INFOPLIST_KEY_WKWatchOnly = YES;
				LD_RUNPATH_SEARCH_PATHS = (
					"$(inherited)",
					"@executable_path/Frameworks",
					"@executable_path/../../Frameworks",
				);
				MARKETING_VERSION = 1.0;
				PRODUCT_BUNDLE_IDENTIFIER = "com.egm.DZ-9--watchOS-.watchkitapp.watchkitextension";
				PRODUCT_NAME = "${TARGET_NAME}";
				SDKROOT = watchos;
				SKIP_INSTALL = YES;
				SWIFT_EMIT_LOC_STRINGS = YES;
				SWIFT_VERSION = 5.0;
				TARGETED_DEVICE_FAMILY = 4;
				VALIDATE_PRODUCT = YES;
				WATCHOS_DEPLOYMENT_TARGET = 8.0;
			};
			name = Release;
		};
/* End XCBuildConfiguration section */

/* Begin XCConfigurationList section */
		DE8E9C4D278A20B400BE9A10 /* Build configuration list for PBXProject "DZ№9" */ = {
			isa = XCConfigurationList;
			buildConfigurations = (
				DE8E9C65278A20B500BE9A10 /* Debug */,
				DE8E9C66278A20B500BE9A10 /* Release */,
			);
			defaultConfigurationIsVisible = 0;
			defaultConfigurationName = Release;
		};
		DE8E9C67278A20B500BE9A10 /* Build configuration list for PBXNativeTarget "DZ№9 (iOS)" */ = {
			isa = XCConfigurationList;
			buildConfigurations = (
				DE8E9C68278A20B500BE9A10 /* Debug */,
				DE8E9C69278A20B500BE9A10 /* Release */,
			);
			defaultConfigurationIsVisible = 0;
			defaultConfigurationName = Release;
		};
		DE8E9CF9278A300900BE9A10 /* Build configuration list for PBXNativeTarget "DZ№9 (tvOS)" */ = {
			isa = XCConfigurationList;
			buildConfigurations = (
				DE8E9CF7278A300900BE9A10 /* Debug */,
				DE8E9CF8278A300900BE9A10 /* Release */,
			);
			defaultConfigurationIsVisible = 0;
			defaultConfigurationName = Release;
		};
		DE8E9E0A278B657C00BE9A10 /* Build configuration list for PBXNativeTarget "DZ№9 (watchOS) WatchKit Extension" */ = {
			isa = XCConfigurationList;
			buildConfigurations = (
				DE8E9E08278B657C00BE9A10 /* Debug */,
				DE8E9E09278B657C00BE9A10 /* Release */,
			);
			defaultConfigurationIsVisible = 0;
			defaultConfigurationName = Release;
		};
		DE8E9E0B278B657C00BE9A10 /* Build configuration list for PBXNativeTarget "DZ№9 (watchOS) WatchKit App" */ = {
			isa = XCConfigurationList;
			buildConfigurations = (
				DE8E9E05278B657C00BE9A10 /* Debug */,
				DE8E9E06278B657C00BE9A10 /* Release */,
			);
			defaultConfigurationIsVisible = 0;
			defaultConfigurationName = Release;
		};
		DE8E9E0C278B657C00BE9A10 /* Build configuration list for PBXNativeTarget "DZ№9 (watchOS)" */ = {
			isa = XCConfigurationList;
			buildConfigurations = (
				DE8E9E02278B657C00BE9A10 /* Debug */,
				DE8E9E03278B657C00BE9A10 /* Release */,
			);
			defaultConfigurationIsVisible = 0;
			defaultConfigurationName = Release;
		};
/* End XCConfigurationList section */

/* Begin XCRemoteSwiftPackageReference section */
		DE8E9E1A278B675400BE9A10 /* XCRemoteSwiftPackageReference "SDWebImageSwiftUI" */ = {
			isa = XCRemoteSwiftPackageReference;
			repositoryURL = "https://github.com/SDWebImage/SDWebImageSwiftUI";
			requirement = {
				branch = master;
				kind = branch;
			};
		};
/* End XCRemoteSwiftPackageReference section */

/* Begin XCSwiftPackageProductDependency section */
		DE8E9E1B278B675400BE9A10 /* SDWebImageSwiftUI */ = {
			isa = XCSwiftPackageProductDependency;
			package = DE8E9E1A278B675400BE9A10 /* XCRemoteSwiftPackageReference "SDWebImageSwiftUI" */;
			productName = SDWebImageSwiftUI;
		};
		DE8E9E1E278B677A00BE9A10 /* SDWebImageSwiftUI */ = {
			isa = XCSwiftPackageProductDependency;
			package = DE8E9E1A278B675400BE9A10 /* XCRemoteSwiftPackageReference "SDWebImageSwiftUI" */;
			productName = SDWebImageSwiftUI;
		};
		DE8E9E20278B678B00BE9A10 /* SDWebImageSwiftUI */ = {
			isa = XCSwiftPackageProductDependency;
			package = DE8E9E1A278B675400BE9A10 /* XCRemoteSwiftPackageReference "SDWebImageSwiftUI" */;
			productName = SDWebImageSwiftUI;
		};
/* End XCSwiftPackageProductDependency section */
	};
	rootObject = DE8E9C4A278A20B400BE9A10 /* Project object */;
}
